
Microsoft Visual Studio Solution File, Format Version 12.00
# Visual Studio Version 16
VisualStudioVersion = 16.0.30717.126
MinimumVisualStudioVersion = 10.0.40219.1
Project("{9A19103F-16F7-4668-BE54-9A1E7A4F7556}") = "DigitallyPowerful", "DigitallyPowerful\DigitallyPowerful.csproj", "{7E8FC47A-8D77-4BA8-BCA7-05F34CF5B4DA}"
EndProject
Global
	GlobalSection(SolutionConfigurationPlatforms) = preSolution
		Debug|Any CPU = Debug|Any CPU
		Release|Any CPU = Release|Any CPU
	EndGlobalSection
	GlobalSection(ProjectConfigurationPlatforms) = postSolution
		{7E8FC47A-8D77-4BA8-BCA7-05F34CF5B4DA}.Debug|Any CPU.ActiveCfg = Debug|Any CPU
		{7E8FC47A-8D77-4BA8-BCA7-05F34CF5B4DA}.Debug|Any CPU.Build.0 = Debug|Any CPU
		{7E8FC47A-8D77-4BA8-BCA7-05F34CF5B4DA}.Release|Any CPU.ActiveCfg = Release|Any CPU
		{7E8FC47A-8D77-4BA8-BCA7-05F34CF5B4DA}.Release|Any CPU.Build.0 = Release|Any CPU
	EndGlobalSection
	GlobalSection(SolutionProperties) = preSolution
		HideSolutionNode = FALSE
	EndGlobalSection
	GlobalSection(ExtensibilityGlobals) = postSolution
		SolutionGuid = {5B37E2C3-0877-4771-9E1B-3D020298DC08}
	EndGlobalSection
EndGlobal
